// !$*UTF8*$!
{
	archiveVersion = 1;
	classes = {
	};
	objectVersion = 55;
	objects = {

/* Begin PBXBuildFile section */
		675EF14427B2D25C00A81A44 /* KeychainWrapper.swift in Sources */ = {isa = PBXBuildFile; fileRef = 675EF14327B2D25C00A81A44 /* KeychainWrapper.swift */; };
		6789282A27AF22A200896D7B /* MweApp.swift in Sources */ = {isa = PBXBuildFile; fileRef = 6789282927AF22A200896D7B /* MweApp.swift */; };
		6789282C27AF22A200896D7B /* ContentView.swift in Sources */ = {isa = PBXBuildFile; fileRef = 6789282B27AF22A200896D7B /* ContentView.swift */; };
		6789282E27AF22A300896D7B /* Assets.xcassets in Resources */ = {isa = PBXBuildFile; fileRef = 6789282D27AF22A300896D7B /* Assets.xcassets */; };
		6789283127AF22A300896D7B /* Preview Assets.xcassets in Resources */ = {isa = PBXBuildFile; fileRef = 6789283027AF22A300896D7B /* Preview Assets.xcassets */; };
		6789283B27AF22A300896D7B /* MweTests.swift in Sources */ = {isa = PBXBuildFile; fileRef = 6789283A27AF22A300896D7B /* MweTests.swift */; };
		6789284527AF22A300896D7B /* MweUITests.swift in Sources */ = {isa = PBXBuildFile; fileRef = 6789284427AF22A300896D7B /* MweUITests.swift */; };
		6789284727AF22A300896D7B /* MweUITestsLaunchTests.swift in Sources */ = {isa = PBXBuildFile; fileRef = 6789284627AF22A300896D7B /* MweUITestsLaunchTests.swift */; };
		6789285627AF22C300896D7B /* LandingView.swift in Sources */ = {isa = PBXBuildFile; fileRef = 6789285527AF22C300896D7B /* LandingView.swift */; };
		6789285827AF22D100896D7B /* MapView.swift in Sources */ = {isa = PBXBuildFile; fileRef = 6789285727AF22D100896D7B /* MapView.swift */; };
		6789285A27AF22DA00896D7B /* PostView.swift in Sources */ = {isa = PBXBuildFile; fileRef = 6789285927AF22DA00896D7B /* PostView.swift */; };
		6789285C27AF22E100896D7B /* CreatePostView.swift in Sources */ = {isa = PBXBuildFile; fileRef = 6789285B27AF22E100896D7B /* CreatePostView.swift */; };
		6789285F27AF22EF00896D7B /* SettingsView.swift in Sources */ = {isa = PBXBuildFile; fileRef = 6789285E27AF22EF00896D7B /* SettingsView.swift */; };
		6789286127AF232F00896D7B /* PhotoCaptureView.swift in Sources */ = {isa = PBXBuildFile; fileRef = 6789286027AF232F00896D7B /* PhotoCaptureView.swift */; };
		6789286327AF297900896D7B /* User.swift in Sources */ = {isa = PBXBuildFile; fileRef = 6789286227AF297900896D7B /* User.swift */; };
		6789286527AF29DA00896D7B /* Post.swift in Sources */ = {isa = PBXBuildFile; fileRef = 6789286427AF29DA00896D7B /* Post.swift */; };
		6789286727AF2BB900896D7B /* LikedView.swift in Sources */ = {isa = PBXBuildFile; fileRef = 6789286627AF2BB900896D7B /* LikedView.swift */; };
		6789286C27AF3E6900896D7B /* Posts.swift in Sources */ = {isa = PBXBuildFile; fileRef = 6789286B27AF3E6900896D7B /* Posts.swift */; };
		6789286F27AF472C00896D7B /* LocationHelper.swift in Sources */ = {isa = PBXBuildFile; fileRef = 6789286E27AF472C00896D7B /* LocationHelper.swift */; };
		6789288127AF50E100896D7B /* UserEvents.swift in Sources */ = {isa = PBXBuildFile; fileRef = 6789287827AF50E100896D7B /* UserEvents.swift */; };
		6789288227AF50E100896D7B /* CameraActions.swift in Sources */ = {isa = PBXBuildFile; fileRef = 6789287927AF50E100896D7B /* CameraActions.swift */; };
		6789288327AF50E100896D7B /* CameraViewController.swift in Sources */ = {isa = PBXBuildFile; fileRef = 6789287A27AF50E100896D7B /* CameraViewController.swift */; };
		6789288427AF50E100896D7B /* CameraViewControllerDelegate.swift in Sources */ = {isa = PBXBuildFile; fileRef = 6789287B27AF50E100896D7B /* CameraViewControllerDelegate.swift */; };
		6789288527AF50E100896D7B /* CameraView.swift in Sources */ = {isa = PBXBuildFile; fileRef = 6789287C27AF50E100896D7B /* CameraView.swift */; };
		6789288727AF568400896D7B /* CameraInterfaceView.swift in Sources */ = {isa = PBXBuildFile; fileRef = 6789288627AF568400896D7B /* CameraInterfaceView.swift */; };
		6789288927AF596D00896D7B /* CameraOutput.swift in Sources */ = {isa = PBXBuildFile; fileRef = 6789288827AF596D00896D7B /* CameraOutput.swift */; };
/* End PBXBuildFile section */

/* Begin PBXContainerItemProxy section */
		6789283727AF22A300896D7B /* PBXContainerItemProxy */ = {
			isa = PBXContainerItemProxy;
			containerPortal = 6789281E27AF22A200896D7B /* Project object */;
			proxyType = 1;
			remoteGlobalIDString = 6789282527AF22A200896D7B;
			remoteInfo = Mwe;
		};
		6789284127AF22A300896D7B /* PBXContainerItemProxy */ = {
			isa = PBXContainerItemProxy;
			containerPortal = 6789281E27AF22A200896D7B /* Project object */;
			proxyType = 1;
			remoteGlobalIDString = 6789282527AF22A200896D7B;
			remoteInfo = Mwe;
		};
/* End PBXContainerItemProxy section */

/* Begin PBXFileReference section */
		6755B2AE27B2C16000CCCF13 /* Mwe.entitlements */ = {isa = PBXFileReference; lastKnownFileType = text.plist.entitlements; path = Mwe.entitlements; sourceTree = "<group>"; };
		675EF14327B2D25C00A81A44 /* KeychainWrapper.swift */ = {isa = PBXFileReference; lastKnownFileType = sourcecode.swift; path = KeychainWrapper.swift; sourceTree = "<group>"; };
		6789282627AF22A200896D7B /* Mwe.app */ = {isa = PBXFileReference; explicitFileType = wrapper.application; includeInIndex = 0; path = Mwe.app; sourceTree = BUILT_PRODUCTS_DIR; };
		6789282927AF22A200896D7B /* MweApp.swift */ = {isa = PBXFileReference; lastKnownFileType = sourcecode.swift; path = MweApp.swift; sourceTree = "<group>"; };
		6789282B27AF22A200896D7B /* ContentView.swift */ = {isa = PBXFileReference; lastKnownFileType = sourcecode.swift; path = ContentView.swift; sourceTree = "<group>"; };
		6789282D27AF22A300896D7B /* Assets.xcassets */ = {isa = PBXFileReference; lastKnownFileType = folder.assetcatalog; path = Assets.xcassets; sourceTree = "<group>"; };
		6789283027AF22A300896D7B /* Preview Assets.xcassets */ = {isa = PBXFileReference; lastKnownFileType = folder.assetcatalog; path = "Preview Assets.xcassets"; sourceTree = "<group>"; };
		6789283627AF22A300896D7B /* MweTests.xctest */ = {isa = PBXFileReference; explicitFileType = wrapper.cfbundle; includeInIndex = 0; path = MweTests.xctest; sourceTree = BUILT_PRODUCTS_DIR; };
		6789283A27AF22A300896D7B /* MweTests.swift */ = {isa = PBXFileReference; lastKnownFileType = sourcecode.swift; path = MweTests.swift; sourceTree = "<group>"; };
		6789284027AF22A300896D7B /* MweUITests.xctest */ = {isa = PBXFileReference; explicitFileType = wrapper.cfbundle; includeInIndex = 0; path = MweUITests.xctest; sourceTree = BUILT_PRODUCTS_DIR; };
		6789284427AF22A300896D7B /* MweUITests.swift */ = {isa = PBXFileReference; lastKnownFileType = sourcecode.swift; path = MweUITests.swift; sourceTree = "<group>"; };
		6789284627AF22A300896D7B /* MweUITestsLaunchTests.swift */ = {isa = PBXFileReference; lastKnownFileType = sourcecode.swift; path = MweUITestsLaunchTests.swift; sourceTree = "<group>"; };
		6789285527AF22C300896D7B /* LandingView.swift */ = {isa = PBXFileReference; lastKnownFileType = sourcecode.swift; path = LandingView.swift; sourceTree = "<group>"; };
		6789285727AF22D100896D7B /* MapView.swift */ = {isa = PBXFileReference; lastKnownFileType = sourcecode.swift; path = MapView.swift; sourceTree = "<group>"; };
		6789285927AF22DA00896D7B /* PostView.swift */ = {isa = PBXFileReference; lastKnownFileType = sourcecode.swift; path = PostView.swift; sourceTree = "<group>"; };
		6789285B27AF22E100896D7B /* CreatePostView.swift */ = {isa = PBXFileReference; lastKnownFileType = sourcecode.swift; path = CreatePostView.swift; sourceTree = "<group>"; };
		6789285E27AF22EF00896D7B /* SettingsView.swift */ = {isa = PBXFileReference; lastKnownFileType = sourcecode.swift; path = SettingsView.swift; sourceTree = "<group>"; };
		6789286027AF232F00896D7B /* PhotoCaptureView.swift */ = {isa = PBXFileReference; lastKnownFileType = sourcecode.swift; path = PhotoCaptureView.swift; sourceTree = "<group>"; };
		6789286227AF297900896D7B /* User.swift */ = {isa = PBXFileReference; lastKnownFileType = sourcecode.swift; path = User.swift; sourceTree = "<group>"; };
		6789286427AF29DA00896D7B /* Post.swift */ = {isa = PBXFileReference; lastKnownFileType = sourcecode.swift; path = Post.swift; sourceTree = "<group>"; };
		6789286627AF2BB900896D7B /* LikedView.swift */ = {isa = PBXFileReference; lastKnownFileType = sourcecode.swift; path = LikedView.swift; sourceTree = "<group>"; };
		6789286B27AF3E6900896D7B /* Posts.swift */ = {isa = PBXFileReference; lastKnownFileType = sourcecode.swift; path = Posts.swift; sourceTree = "<group>"; };
		6789286E27AF472C00896D7B /* LocationHelper.swift */ = {isa = PBXFileReference; lastKnownFileType = sourcecode.swift; path = LocationHelper.swift; sourceTree = "<group>"; };
		6789287827AF50E100896D7B /* UserEvents.swift */ = {isa = PBXFileReference; fileEncoding = 4; lastKnownFileType = sourcecode.swift; path = UserEvents.swift; sourceTree = "<group>"; };
		6789287927AF50E100896D7B /* CameraActions.swift */ = {isa = PBXFileReference; fileEncoding = 4; lastKnownFileType = sourcecode.swift; path = CameraActions.swift; sourceTree = "<group>"; };
		6789287A27AF50E100896D7B /* CameraViewController.swift */ = {isa = PBXFileReference; fileEncoding = 4; lastKnownFileType = sourcecode.swift; path = CameraViewController.swift; sourceTree = "<group>"; };
		6789287B27AF50E100896D7B /* CameraViewControllerDelegate.swift */ = {isa = PBXFileReference; fileEncoding = 4; lastKnownFileType = sourcecode.swift; path = CameraViewControllerDelegate.swift; sourceTree = "<group>"; };
		6789287C27AF50E100896D7B /* CameraView.swift */ = {isa = PBXFileReference; fileEncoding = 4; lastKnownFileType = sourcecode.swift; path = CameraView.swift; sourceTree = "<group>"; };
		6789288627AF568400896D7B /* CameraInterfaceView.swift */ = {isa = PBXFileReference; lastKnownFileType = sourcecode.swift; path = CameraInterfaceView.swift; sourceTree = "<group>"; };
		6789288827AF596D00896D7B /* CameraOutput.swift */ = {isa = PBXFileReference; lastKnownFileType = sourcecode.swift; path = CameraOutput.swift; sourceTree = "<group>"; };
/* End PBXFileReference section */

/* Begin PBXFrameworksBuildPhase section */
		6789282327AF22A200896D7B /* Frameworks */ = {
			isa = PBXFrameworksBuildPhase;
			buildActionMask = 2147483647;
			files = (
			);
			runOnlyForDeploymentPostprocessing = 0;
		};
		6789283327AF22A300896D7B /* Frameworks */ = {
			isa = PBXFrameworksBuildPhase;
			buildActionMask = 2147483647;
			files = (
			);
			runOnlyForDeploymentPostprocessing = 0;
		};
		6789283D27AF22A300896D7B /* Frameworks */ = {
			isa = PBXFrameworksBuildPhase;
			buildActionMask = 2147483647;
			files = (
			);
			runOnlyForDeploymentPostprocessing = 0;
		};
/* End PBXFrameworksBuildPhase section */

/* Begin PBXGroup section */
		6789281D27AF22A200896D7B = {
			isa = PBXGroup;
			children = (
				6789282827AF22A200896D7B /* Mwe */,
				6789283927AF22A300896D7B /* MweTests */,
				6789284327AF22A300896D7B /* MweUITests */,
				6789282727AF22A200896D7B /* Products */,
			);
			sourceTree = "<group>";
		};
		6789282727AF22A200896D7B /* Products */ = {
			isa = PBXGroup;
			children = (
				6789282627AF22A200896D7B /* Mwe.app */,
				6789283627AF22A300896D7B /* MweTests.xctest */,
				6789284027AF22A300896D7B /* MweUITests.xctest */,
			);
			name = Products;
			sourceTree = "<group>";
		};
		6789282827AF22A200896D7B /* Mwe */ = {
			isa = PBXGroup;
			children = (
				6755B2AE27B2C16000CCCF13 /* Mwe.entitlements */,
				6789286D27AF471900896D7B /* Utilities */,
				6789285427AF22B300896D7B /* Models */,
				6789285327AF22AD00896D7B /* Views */,
				6789282927AF22A200896D7B /* MweApp.swift */,
				6789282B27AF22A200896D7B /* ContentView.swift */,
				6789282D27AF22A300896D7B /* Assets.xcassets */,
				6789282F27AF22A300896D7B /* Preview Content */,
			);
			path = Mwe;
			sourceTree = "<group>";
		};
		6789282F27AF22A300896D7B /* Preview Content */ = {
			isa = PBXGroup;
			children = (
				6789283027AF22A300896D7B /* Preview Assets.xcassets */,
			);
			path = "Preview Content";
			sourceTree = "<group>";
		};
		6789283927AF22A300896D7B /* MweTests */ = {
			isa = PBXGroup;
			children = (
				6789283A27AF22A300896D7B /* MweTests.swift */,
			);
			path = MweTests;
			sourceTree = "<group>";
		};
		6789284327AF22A300896D7B /* MweUITests */ = {
			isa = PBXGroup;
			children = (
				6789284427AF22A300896D7B /* MweUITests.swift */,
				6789284627AF22A300896D7B /* MweUITestsLaunchTests.swift */,
			);
			path = MweUITests;
			sourceTree = "<group>";
		};
		6789285327AF22AD00896D7B /* Views */ = {
			isa = PBXGroup;
			children = (
				6789285527AF22C300896D7B /* LandingView.swift */,
				6789285727AF22D100896D7B /* MapView.swift */,
				6789285927AF22DA00896D7B /* PostView.swift */,
				6789285B27AF22E100896D7B /* CreatePostView.swift */,
				6789285E27AF22EF00896D7B /* SettingsView.swift */,
				6789286027AF232F00896D7B /* PhotoCaptureView.swift */,
				6789286627AF2BB900896D7B /* LikedView.swift */,
			);
			path = Views;
			sourceTree = "<group>";
		};
		6789285427AF22B300896D7B /* Models */ = {
			isa = PBXGroup;
			children = (
				6789286227AF297900896D7B /* User.swift */,
				6789286427AF29DA00896D7B /* Post.swift */,
				6789286B27AF3E6900896D7B /* Posts.swift */,
			);
			path = Models;
			sourceTree = "<group>";
		};
		6789286D27AF471900896D7B /* Utilities */ = {
			isa = PBXGroup;
			children = (
				6789287627AF50E100896D7B /* Sources */,
				6789287027AF50E100896D7B /* Tests */,
				6789286E27AF472C00896D7B /* LocationHelper.swift */,
				675EF14327B2D25C00A81A44 /* KeychainWrapper.swift */,
			);
			path = Utilities;
			sourceTree = "<group>";
		};
		6789287027AF50E100896D7B /* Tests */ = {
			isa = PBXGroup;
			children = (
			);
			path = Tests;
			sourceTree = "<group>";
		};
		6789287627AF50E100896D7B /* Sources */ = {
			isa = PBXGroup;
			children = (
				6789287727AF50E100896D7B /* SwiftUICam */,
			);
			path = Sources;
			sourceTree = "<group>";
		};
		6789287727AF50E100896D7B /* SwiftUICam */ = {
			isa = PBXGroup;
			children = (
				6789287827AF50E100896D7B /* UserEvents.swift */,
				6789287927AF50E100896D7B /* CameraActions.swift */,
				6789287A27AF50E100896D7B /* CameraViewController.swift */,
				6789287B27AF50E100896D7B /* CameraViewControllerDelegate.swift */,
				6789287C27AF50E100896D7B /* CameraView.swift */,
				6789288627AF568400896D7B /* CameraInterfaceView.swift */,
				6789288827AF596D00896D7B /* CameraOutput.swift */,
			);
			path = SwiftUICam;
			sourceTree = "<group>";
		};
/* End PBXGroup section */

/* Begin PBXNativeTarget section */
		6789282527AF22A200896D7B /* Mwe */ = {
			isa = PBXNativeTarget;
			buildConfigurationList = 6789284A27AF22A300896D7B /* Build configuration list for PBXNativeTarget "Mwe" */;
			buildPhases = (
				6789282227AF22A200896D7B /* Sources */,
				6789282327AF22A200896D7B /* Frameworks */,
				6789282427AF22A200896D7B /* Resources */,
			);
			buildRules = (
			);
			dependencies = (
			);
			name = Mwe;
			packageProductDependencies = (
			);
			productName = Mwe;
			productReference = 6789282627AF22A200896D7B /* Mwe.app */;
			productType = "com.apple.product-type.application";
		};
		6789283527AF22A300896D7B /* MweTests */ = {
			isa = PBXNativeTarget;
			buildConfigurationList = 6789284D27AF22A300896D7B /* Build configuration list for PBXNativeTarget "MweTests" */;
			buildPhases = (
				6789283227AF22A300896D7B /* Sources */,
				6789283327AF22A300896D7B /* Frameworks */,
				6789283427AF22A300896D7B /* Resources */,
			);
			buildRules = (
			);
			dependencies = (
				6789283827AF22A300896D7B /* PBXTargetDependency */,
			);
			name = MweTests;
			productName = MweTests;
			productReference = 6789283627AF22A300896D7B /* MweTests.xctest */;
			productType = "com.apple.product-type.bundle.unit-test";
		};
		6789283F27AF22A300896D7B /* MweUITests */ = {
			isa = PBXNativeTarget;
			buildConfigurationList = 6789285027AF22A300896D7B /* Build configuration list for PBXNativeTarget "MweUITests" */;
			buildPhases = (
				6789283C27AF22A300896D7B /* Sources */,
				6789283D27AF22A300896D7B /* Frameworks */,
				6789283E27AF22A300896D7B /* Resources */,
			);
			buildRules = (
			);
			dependencies = (
				6789284227AF22A300896D7B /* PBXTargetDependency */,
			);
			name = MweUITests;
			productName = MweUITests;
			productReference = 6789284027AF22A300896D7B /* MweUITests.xctest */;
			productType = "com.apple.product-type.bundle.ui-testing";
		};
/* End PBXNativeTarget section */

/* Begin PBXProject section */
		6789281E27AF22A200896D7B /* Project object */ = {
			isa = PBXProject;
			attributes = {
				BuildIndependentTargetsInParallel = 1;
				LastSwiftUpdateCheck = 1320;
				LastUpgradeCheck = 1320;
				TargetAttributes = {
					6789282527AF22A200896D7B = {
						CreatedOnToolsVersion = 13.2.1;
					};
					6789283527AF22A300896D7B = {
						CreatedOnToolsVersion = 13.2.1;
						TestTargetID = 6789282527AF22A200896D7B;
					};
					6789283F27AF22A300896D7B = {
						CreatedOnToolsVersion = 13.2.1;
						TestTargetID = 6789282527AF22A200896D7B;
					};
				};
			};
			buildConfigurationList = 6789282127AF22A200896D7B /* Build configuration list for PBXProject "Mwe" */;
			compatibilityVersion = "Xcode 13.0";
			developmentRegion = en;
			hasScannedForEncodings = 0;
			knownRegions = (
				en,
				Base,
			);
			mainGroup = 6789281D27AF22A200896D7B;
			packageReferences = (
			);
			productRefGroup = 6789282727AF22A200896D7B /* Products */;
			projectDirPath = "";
			projectRoot = "";
			targets = (
				6789282527AF22A200896D7B /* Mwe */,
				6789283527AF22A300896D7B /* MweTests */,
				6789283F27AF22A300896D7B /* MweUITests */,
			);
		};
/* End PBXProject section */

/* Begin PBXResourcesBuildPhase section */
		6789282427AF22A200896D7B /* Resources */ = {
			isa = PBXResourcesBuildPhase;
			buildActionMask = 2147483647;
			files = (
				6789283127AF22A300896D7B /* Preview Assets.xcassets in Resources */,
				6789282E27AF22A300896D7B /* Assets.xcassets in Resources */,
			);
			runOnlyForDeploymentPostprocessing = 0;
		};
		6789283427AF22A300896D7B /* Resources */ = {
			isa = PBXResourcesBuildPhase;
			buildActionMask = 2147483647;
			files = (
			);
			runOnlyForDeploymentPostprocessing = 0;
		};
		6789283E27AF22A300896D7B /* Resources */ = {
			isa = PBXResourcesBuildPhase;
			buildActionMask = 2147483647;
			files = (
			);
			runOnlyForDeploymentPostprocessing = 0;
		};
/* End PBXResourcesBuildPhase section */

/* Begin PBXSourcesBuildPhase section */
		6789282227AF22A200896D7B /* Sources */ = {
			isa = PBXSourcesBuildPhase;
			buildActionMask = 2147483647;
			files = (
				6789285F27AF22EF00896D7B /* SettingsView.swift in Sources */,
				6789285627AF22C300896D7B /* LandingView.swift in Sources */,
				6789286127AF232F00896D7B /* PhotoCaptureView.swift in Sources */,
				6789285827AF22D100896D7B /* MapView.swift in Sources */,
				6789285C27AF22E100896D7B /* CreatePostView.swift in Sources */,
				6789286327AF297900896D7B /* User.swift in Sources */,
				6789282C27AF22A200896D7B /* ContentView.swift in Sources */,
				6789288427AF50E100896D7B /* CameraViewControllerDelegate.swift in Sources */,
				6789288727AF568400896D7B /* CameraInterfaceView.swift in Sources */,
				6789288927AF596D00896D7B /* CameraOutput.swift in Sources */,
				6789286F27AF472C00896D7B /* LocationHelper.swift in Sources */,
				6789286C27AF3E6900896D7B /* Posts.swift in Sources */,
				6789288127AF50E100896D7B /* UserEvents.swift in Sources */,
				6789285A27AF22DA00896D7B /* PostView.swift in Sources */,
				6789288527AF50E100896D7B /* CameraView.swift in Sources */,
				6789286727AF2BB900896D7B /* LikedView.swift in Sources */,
				6789282A27AF22A200896D7B /* MweApp.swift in Sources */,
				6789288327AF50E100896D7B /* CameraViewController.swift in Sources */,
				675EF14427B2D25C00A81A44 /* KeychainWrapper.swift in Sources */,
				6789288227AF50E100896D7B /* CameraActions.swift in Sources */,
				6789286527AF29DA00896D7B /* Post.swift in Sources */,
			);
			runOnlyForDeploymentPostprocessing = 0;
		};
		6789283227AF22A300896D7B /* Sources */ = {
			isa = PBXSourcesBuildPhase;
			buildActionMask = 2147483647;
			files = (
				6789283B27AF22A300896D7B /* MweTests.swift in Sources */,
			);
			runOnlyForDeploymentPostprocessing = 0;
		};
		6789283C27AF22A300896D7B /* Sources */ = {
			isa = PBXSourcesBuildPhase;
			buildActionMask = 2147483647;
			files = (
				6789284727AF22A300896D7B /* MweUITestsLaunchTests.swift in Sources */,
				6789284527AF22A300896D7B /* MweUITests.swift in Sources */,
			);
			runOnlyForDeploymentPostprocessing = 0;
		};
/* End PBXSourcesBuildPhase section */

/* Begin PBXTargetDependency section */
		6789283827AF22A300896D7B /* PBXTargetDependency */ = {
			isa = PBXTargetDependency;
			target = 6789282527AF22A200896D7B /* Mwe */;
			targetProxy = 6789283727AF22A300896D7B /* PBXContainerItemProxy */;
		};
		6789284227AF22A300896D7B /* PBXTargetDependency */ = {
			isa = PBXTargetDependency;
			target = 6789282527AF22A200896D7B /* Mwe */;
			targetProxy = 6789284127AF22A300896D7B /* PBXContainerItemProxy */;
		};
/* End PBXTargetDependency section */

/* Begin XCBuildConfiguration section */
		6789284827AF22A300896D7B /* Debug */ = {
			isa = XCBuildConfiguration;
			buildSettings = {
				ALWAYS_SEARCH_USER_PATHS = NO;
				CLANG_ANALYZER_NONNULL = YES;
				CLANG_ANALYZER_NUMBER_OBJECT_CONVERSION = YES_AGGRESSIVE;
				CLANG_CXX_LANGUAGE_STANDARD = "gnu++17";
				CLANG_CXX_LIBRARY = "libc++";
				CLANG_ENABLE_MODULES = YES;
				CLANG_ENABLE_OBJC_ARC = YES;
				CLANG_ENABLE_OBJC_WEAK = YES;
				CLANG_WARN_BLOCK_CAPTURE_AUTORELEASING = YES;
				CLANG_WARN_BOOL_CONVERSION = YES;
				CLANG_WARN_COMMA = YES;
				CLANG_WARN_CONSTANT_CONVERSION = YES;
				CLANG_WARN_DEPRECATED_OBJC_IMPLEMENTATIONS = YES;
				CLANG_WARN_DIRECT_OBJC_ISA_USAGE = YES_ERROR;
				CLANG_WARN_DOCUMENTATION_COMMENTS = YES;
				CLANG_WARN_EMPTY_BODY = YES;
				CLANG_WARN_ENUM_CONVERSION = YES;
				CLANG_WARN_INFINITE_RECURSION = YES;
				CLANG_WARN_INT_CONVERSION = YES;
				CLANG_WARN_NON_LITERAL_NULL_CONVERSION = YES;
				CLANG_WARN_OBJC_IMPLICIT_RETAIN_SELF = YES;
				CLANG_WARN_OBJC_LITERAL_CONVERSION = YES;
				CLANG_WARN_OBJC_ROOT_CLASS = YES_ERROR;
				CLANG_WARN_QUOTED_INCLUDE_IN_FRAMEWORK_HEADER = YES;
				CLANG_WARN_RANGE_LOOP_ANALYSIS = YES;
				CLANG_WARN_STRICT_PROTOTYPES = YES;
				CLANG_WARN_SUSPICIOUS_MOVE = YES;
				CLANG_WARN_UNGUARDED_AVAILABILITY = YES_AGGRESSIVE;
				CLANG_WARN_UNREACHABLE_CODE = YES;
				CLANG_WARN__DUPLICATE_METHOD_MATCH = YES;
				COPY_PHASE_STRIP = NO;
				DEBUG_INFORMATION_FORMAT = dwarf;
				ENABLE_STRICT_OBJC_MSGSEND = YES;
				ENABLE_TESTABILITY = YES;
				GCC_C_LANGUAGE_STANDARD = gnu11;
				GCC_DYNAMIC_NO_PIC = NO;
				GCC_NO_COMMON_BLOCKS = YES;
				GCC_OPTIMIZATION_LEVEL = 0;
				GCC_PREPROCESSOR_DEFINITIONS = (
					"DEBUG=1",
					"$(inherited)",
				);
				GCC_WARN_64_TO_32_BIT_CONVERSION = YES;
				GCC_WARN_ABOUT_RETURN_TYPE = YES_ERROR;
				GCC_WARN_UNDECLARED_SELECTOR = YES;
				GCC_WARN_UNINITIALIZED_AUTOS = YES_AGGRESSIVE;
				GCC_WARN_UNUSED_FUNCTION = YES;
				GCC_WARN_UNUSED_VARIABLE = YES;
				IPHONEOS_DEPLOYMENT_TARGET = 15.2;
				MTL_ENABLE_DEBUG_INFO = INCLUDE_SOURCE;
				MTL_FAST_MATH = YES;
				ONLY_ACTIVE_ARCH = YES;
				SDKROOT = iphoneos;
				SWIFT_ACTIVE_COMPILATION_CONDITIONS = DEBUG;
				SWIFT_OPTIMIZATION_LEVEL = "-Onone";
			};
			name = Debug;
		};
		6789284927AF22A300896D7B /* Release */ = {
			isa = XCBuildConfiguration;
			buildSettings = {
				ALWAYS_SEARCH_USER_PATHS = NO;
				CLANG_ANALYZER_NONNULL = YES;
				CLANG_ANALYZER_NUMBER_OBJECT_CONVERSION = YES_AGGRESSIVE;
				CLANG_CXX_LANGUAGE_STANDARD = "gnu++17";
				CLANG_CXX_LIBRARY = "libc++";
				CLANG_ENABLE_MODULES = YES;
				CLANG_ENABLE_OBJC_ARC = YES;
				CLANG_ENABLE_OBJC_WEAK = YES;
				CLANG_WARN_BLOCK_CAPTURE_AUTORELEASING = YES;
				CLANG_WARN_BOOL_CONVERSION = YES;
				CLANG_WARN_COMMA = YES;
				CLANG_WARN_CONSTANT_CONVERSION = YES;
				CLANG_WARN_DEPRECATED_OBJC_IMPLEMENTATIONS = YES;
				CLANG_WARN_DIRECT_OBJC_ISA_USAGE = YES_ERROR;
				CLANG_WARN_DOCUMENTATION_COMMENTS = YES;
				CLANG_WARN_EMPTY_BODY = YES;
				CLANG_WARN_ENUM_CONVERSION = YES;
				CLANG_WARN_INFINITE_RECURSION = YES;
				CLANG_WARN_INT_CONVERSION = YES;
				CLANG_WARN_NON_LITERAL_NULL_CONVERSION = YES;
				CLANG_WARN_OBJC_IMPLICIT_RETAIN_SELF = YES;
				CLANG_WARN_OBJC_LITERAL_CONVERSION = YES;
				CLANG_WARN_OBJC_ROOT_CLASS = YES_ERROR;
				CLANG_WARN_QUOTED_INCLUDE_IN_FRAMEWORK_HEADER = YES;
				CLANG_WARN_RANGE_LOOP_ANALYSIS = YES;
				CLANG_WARN_STRICT_PROTOTYPES = YES;
				CLANG_WARN_SUSPICIOUS_MOVE = YES;
				CLANG_WARN_UNGUARDED_AVAILABILITY = YES_AGGRESSIVE;
				CLANG_WARN_UNREACHABLE_CODE = YES;
				CLANG_WARN__DUPLICATE_METHOD_MATCH = YES;
				COPY_PHASE_STRIP = NO;
				DEBUG_INFORMATION_FORMAT = "dwarf-with-dsym";
				ENABLE_NS_ASSERTIONS = NO;
				ENABLE_STRICT_OBJC_MSGSEND = YES;
				GCC_C_LANGUAGE_STANDARD = gnu11;
				GCC_NO_COMMON_BLOCKS = YES;
				GCC_WARN_64_TO_32_BIT_CONVERSION = YES;
				GCC_WARN_ABOUT_RETURN_TYPE = YES_ERROR;
				GCC_WARN_UNDECLARED_SELECTOR = YES;
				GCC_WARN_UNINITIALIZED_AUTOS = YES_AGGRESSIVE;
				GCC_WARN_UNUSED_FUNCTION = YES;
				GCC_WARN_UNUSED_VARIABLE = YES;
				IPHONEOS_DEPLOYMENT_TARGET = 15.2;
				MTL_ENABLE_DEBUG_INFO = NO;
				MTL_FAST_MATH = YES;
				SDKROOT = iphoneos;
				SWIFT_COMPILATION_MODE = wholemodule;
				SWIFT_OPTIMIZATION_LEVEL = "-O";
				VALIDATE_PRODUCT = YES;
			};
			name = Release;
		};
		6789284B27AF22A300896D7B /* Debug */ = {
			isa = XCBuildConfiguration;
			buildSettings = {
				ASSETCATALOG_COMPILER_APPICON_NAME = AppIcon;
				ASSETCATALOG_COMPILER_GLOBAL_ACCENT_COLOR_NAME = AccentColor;
				CODE_SIGN_ENTITLEMENTS = Mwe/Mwe.entitlements;
				CODE_SIGN_STYLE = Automatic;
				CURRENT_PROJECT_VERSION = 1;
				DEVELOPMENT_ASSET_PATHS = "\"Mwe/Preview Content\"";
				DEVELOPMENT_TEAM = LRM98E7ZJM;
				ENABLE_PREVIEWS = YES;
				GENERATE_INFOPLIST_FILE = YES;
				INFOPLIST_KEY_LSApplicationCategoryType = "";
				INFOPLIST_KEY_NSCameraUsageDescription = "Mwe needs to capture photos to save on your map";
				INFOPLIST_KEY_NSMicrophoneUsageDescription = "Mwe wants to capture video";
				INFOPLIST_KEY_NSPhotoLibraryAddUsageDescription = "\"Mwe wants to add your photo to your library\"";
				INFOPLIST_KEY_UIApplicationSceneManifest_Generation = YES;
				INFOPLIST_KEY_UIApplicationSupportsIndirectInputEvents = YES;
				INFOPLIST_KEY_UILaunchScreen_Generation = YES;
				INFOPLIST_KEY_UISupportedInterfaceOrientations_iPad = "UIInterfaceOrientationPortrait UIInterfaceOrientationPortraitUpsideDown UIInterfaceOrientationLandscapeLeft UIInterfaceOrientationLandscapeRight";
				INFOPLIST_KEY_UISupportedInterfaceOrientations_iPhone = "UIInterfaceOrientationPortrait UIInterfaceOrientationLandscapeLeft UIInterfaceOrientationLandscapeRight";
				LD_RUNPATH_SEARCH_PATHS = (
					"$(inherited)",
					"@executable_path/Frameworks",
				);
				MARKETING_VERSION = 1.0;
				PRODUCT_BUNDLE_IDENTIFIER = DmitryPimenov.MweApp;
				PRODUCT_NAME = "$(TARGET_NAME)";
				SWIFT_EMIT_LOC_STRINGS = YES;
				SWIFT_VERSION = 5.0;
				TARGETED_DEVICE_FAMILY = "1,2";
			};
			name = Debug;
		};
		6789284C27AF22A300896D7B /* Release */ = {
			isa = XCBuildConfiguration;
			buildSettings = {
				ASSETCATALOG_COMPILER_APPICON_NAME = AppIcon;
				ASSETCATALOG_COMPILER_GLOBAL_ACCENT_COLOR_NAME = AccentColor;
				CODE_SIGN_ENTITLEMENTS = Mwe/Mwe.entitlements;
				CODE_SIGN_STYLE = Automatic;
				CURRENT_PROJECT_VERSION = 1;
				DEVELOPMENT_ASSET_PATHS = "\"Mwe/Preview Content\"";
				DEVELOPMENT_TEAM = LRM98E7ZJM;
				ENABLE_PREVIEWS = YES;
				GENERATE_INFOPLIST_FILE = YES;
				INFOPLIST_KEY_LSApplicationCategoryType = "";
				INFOPLIST_KEY_NSCameraUsageDescription = "Mwe needs to capture photos to save on your map";
				INFOPLIST_KEY_NSMicrophoneUsageDescription = "Mwe wants to capture video";
				INFOPLIST_KEY_NSPhotoLibraryAddUsageDescription = "\"Mwe wants to add your photo to your library\"";
				INFOPLIST_KEY_UIApplicationSceneManifest_Generation = YES;
				INFOPLIST_KEY_UIApplicationSupportsIndirectInputEvents = YES;
				INFOPLIST_KEY_UILaunchScreen_Generation = YES;
				INFOPLIST_KEY_UISupportedInterfaceOrientations_iPad = "UIInterfaceOrientationPortrait UIInterfaceOrientationPortraitUpsideDown UIInterfaceOrientationLandscapeLeft UIInterfaceOrientationLandscapeRight";
				INFOPLIST_KEY_UISupportedInterfaceOrientations_iPhone = "UIInterfaceOrientationPortrait UIInterfaceOrientationLandscapeLeft UIInterfaceOrientationLandscapeRight";
				LD_RUNPATH_SEARCH_PATHS = (
					"$(inherited)",
					"@executable_path/Frameworks",
				);
				MARKETING_VERSION = 1.0;
				PRODUCT_BUNDLE_IDENTIFIER = DmitryPimenov.MweApp;
				PRODUCT_NAME = "$(TARGET_NAME)";
				SWIFT_EMIT_LOC_STRINGS = YES;
				SWIFT_VERSION = 5.0;
				TARGETED_DEVICE_FAMILY = "1,2";
			};
			name = Release;
		};
		6789284E27AF22A300896D7B /* Debug */ = {
			isa = XCBuildConfiguration;
			buildSettings = {
				ALWAYS_EMBED_SWIFT_STANDARD_LIBRARIES = YES;
				BUNDLE_LOADER = "$(TEST_HOST)";
				CODE_SIGN_STYLE = Automatic;
				CURRENT_PROJECT_VERSION = 1;
				DEVELOPMENT_TEAM = LRM98E7ZJM;
				GENERATE_INFOPLIST_FILE = YES;
				IPHONEOS_DEPLOYMENT_TARGET = 15.2;
				MARKETING_VERSION = 1.0;
				PRODUCT_BUNDLE_IDENTIFIER = Dmitry.MweTests;
				PRODUCT_NAME = "$(TARGET_NAME)";
				SWIFT_EMIT_LOC_STRINGS = NO;
				SWIFT_VERSION = 5.0;
				TARGETED_DEVICE_FAMILY = "1,2";
				TEST_HOST = "$(BUILT_PRODUCTS_DIR)/Mwe.app/Mwe";
			};
			name = Debug;
		};
		6789284F27AF22A300896D7B /* Release */ = {
			isa = XCBuildConfiguration;
			buildSettings = {
				ALWAYS_EMBED_SWIFT_STANDARD_LIBRARIES = YES;
				BUNDLE_LOADER = "$(TEST_HOST)";
				CODE_SIGN_STYLE = Automatic;
				CURRENT_PROJECT_VERSION = 1;
				DEVELOPMENT_TEAM = LRM98E7ZJM;
				GENERATE_INFOPLIST_FILE = YES;
				IPHONEOS_DEPLOYMENT_TARGET = 15.2;
				MARKETING_VERSION = 1.0;
				PRODUCT_BUNDLE_IDENTIFIER = Dmitry.MweTests;
				PRODUCT_NAME = "$(TARGET_NAME)";
				SWIFT_EMIT_LOC_STRINGS = NO;
				SWIFT_VERSION = 5.0;
				TARGETED_DEVICE_FAMILY = "1,2";
				TEST_HOST = "$(BUILT_PRODUCTS_DIR)/Mwe.app/Mwe";
			};
			name = Release;
		};
		6789285127AF22A300896D7B /* Debug */ = {
			isa = XCBuildConfiguration;
			buildSettings = {
				ALWAYS_EMBED_SWIFT_STANDARD_LIBRARIES = YES;
				CODE_SIGN_STYLE = Automatic;
				CURRENT_PROJECT_VERSION = 1;
				DEVELOPMENT_TEAM = LRM98E7ZJM;
				GENERATE_INFOPLIST_FILE = YES;
				MARKETING_VERSION = 1.0;
				PRODUCT_BUNDLE_IDENTIFIER = Dmitry.MweUITests;
				PRODUCT_NAME = "$(TARGET_NAME)";
				SWIFT_EMIT_LOC_STRINGS = NO;
				SWIFT_VERSION = 5.0;
				TARGETED_DEVICE_FAMILY = "1,2";
				TEST_TARGET_NAME = Mwe;
			};
			name = Debug;
		};
		6789285227AF22A300896D7B /* Release */ = {
			isa = XCBuildConfiguration;
			buildSettings = {
				ALWAYS_EMBED_SWIFT_STANDARD_LIBRARIES = YES;
				CODE_SIGN_STYLE = Automatic;
				CURRENT_PROJECT_VERSION = 1;
				DEVELOPMENT_TEAM = LRM98E7ZJM;
				GENERATE_INFOPLIST_FILE = YES;
				MARKETING_VERSION = 1.0;
				PRODUCT_BUNDLE_IDENTIFIER = Dmitry.MweUITests;
				PRODUCT_NAME = "$(TARGET_NAME)";
				SWIFT_EMIT_LOC_STRINGS = NO;
				SWIFT_VERSION = 5.0;
				TARGETED_DEVICE_FAMILY = "1,2";
				TEST_TARGET_NAME = Mwe;
			};
			name = Release;
		};
/* End XCBuildConfiguration section */

/* Begin XCConfigurationList section */
		6789282127AF22A200896D7B /* Build configuration list for PBXProject "Mwe" */ = {
			isa = XCConfigurationList;
			buildConfigurations = (
				6789284827AF22A300896D7B /* Debug */,
				6789284927AF22A300896D7B /* Release */,
			);
			defaultConfigurationIsVisible = 0;
			defaultConfigurationName = Release;
		};
		6789284A27AF22A300896D7B /* Build configuration list for PBXNativeTarget "Mwe" */ = {
			isa = XCConfigurationList;
			buildConfigurations = (
				6789284B27AF22A300896D7B /* Debug */,
				6789284C27AF22A300896D7B /* Release */,
			);
			defaultConfigurationIsVisible = 0;
			defaultConfigurationName = Release;
		};
		6789284D27AF22A300896D7B /* Build configuration list for PBXNativeTarget "MweTests" */ = {
			isa = XCConfigurationList;
			buildConfigurations = (
				6789284E27AF22A300896D7B /* Debug */,
				6789284F27AF22A300896D7B /* Release */,
			);
			defaultConfigurationIsVisible = 0;
			defaultConfigurationName = Release;
		};
		6789285027AF22A300896D7B /* Build configuration list for PBXNativeTarget "MweUITests" */ = {
			isa = XCConfigurationList;
			buildConfigurations = (
				6789285127AF22A300896D7B /* Debug */,
				6789285227AF22A300896D7B /* Release */,
			);
			defaultConfigurationIsVisible = 0;
			defaultConfigurationName = Release;
		};
/* End XCConfigurationList section */
	};
	rootObject = 6789281E27AF22A200896D7B /* Project object */;
}
